
Microsoft Visual Studio Solution File, Format Version 12.00
# Visual Studio Version 16
VisualStudioVersion = 16.0.31729.503
MinimumVisualStudioVersion = 10.0.40219.1
Project("{9A19103F-16F7-4668-BE54-9A1E7A4F7556}") = "Crew", "Crew\Crew.csproj", "{27572F0C-746D-43D6-AB29-53996A820861}"
EndProject
Project("{9A19103F-16F7-4668-BE54-9A1E7A4F7556}") = "GbrSchedulero", "..\..\..\..\source\repos\GbrSchedulero\GbrSchedulero\GbrSchedulero\GbrSchedulero.csproj", "{43839807-3475-4C70-A3D1-CB65C950C910}"
EndProject
Project("{9A19103F-16F7-4668-BE54-9A1E7A4F7556}") = "GbrUnitTests", "..\..\..\..\source\repos\GbrSchedulero\GbrSchedulero\GbrUnitTests\GbrUnitTests.csproj", "{E4AB5055-C081-40BA-BE85-9270025C5920}"
EndProject
Global
	GlobalSection(SolutionConfigurationPlatforms) = preSolution
		Debug|Any CPU = Debug|Any CPU
		Release|Any CPU = Release|Any CPU
	EndGlobalSection
	GlobalSection(ProjectConfigurationPlatforms) = postSolution
		{27572F0C-746D-43D6-AB29-53996A820861}.Debug|Any CPU.ActiveCfg = Debug|Any CPU
		{27572F0C-746D-43D6-AB29-53996A820861}.Debug|Any CPU.Build.0 = Debug|Any CPU
		{27572F0C-746D-43D6-AB29-53996A820861}.Release|Any CPU.ActiveCfg = Release|Any CPU
		{27572F0C-746D-43D6-AB29-53996A820861}.Release|Any CPU.Build.0 = Release|Any CPU
		{43839807-3475-4C70-A3D1-CB65C950C910}.Debug|Any CPU.ActiveCfg = Debug|Any CPU
		{43839807-3475-4C70-A3D1-CB65C950C910}.Debug|Any CPU.Build.0 = Debug|Any CPU
		{43839807-3475-4C70-A3D1-CB65C950C910}.Release|Any CPU.ActiveCfg = Release|Any CPU
		{43839807-3475-4C70-A3D1-CB65C950C910}.Release|Any CPU.Build.0 = Release|Any CPU
		{E4AB5055-C081-40BA-BE85-9270025C5920}.Debug|Any CPU.ActiveCfg = Debug|Any CPU
		{E4AB5055-C081-40BA-BE85-9270025C5920}.Debug|Any CPU.Build.0 = Debug|Any CPU
		{E4AB5055-C081-40BA-BE85-9270025C5920}.Release|Any CPU.ActiveCfg = Release|Any CPU
		{E4AB5055-C081-40BA-BE85-9270025C5920}.Release|Any CPU.Build.0 = Release|Any CPU
	EndGlobalSection
	GlobalSection(SolutionProperties) = preSolution
		HideSolutionNode = FALSE
	EndGlobalSection
	GlobalSection(ExtensibilityGlobals) = postSolution
		SolutionGuid = {1141336B-7B0C-4CE2-9DE3-AD820A470809}
	EndGlobalSection
EndGlobal
