
Microsoft Visual Studio Solution File, Format Version 12.00
# Visual Studio Version 16
VisualStudioVersion = 16.0.31729.503
MinimumVisualStudioVersion = 10.0.40219.1
Project("{9A19103F-16F7-4668-BE54-9A1E7A4F7556}") = "GbrSchedulero", "GbrSchedulero\GbrSchedulero.csproj", "{F8FA8A9E-CC6D-46C0-8F0E-500830F0EA46}"
EndProject
Project("{9A19103F-16F7-4668-BE54-9A1E7A4F7556}") = "GbrUnitTests", "GbrUnitTests\GbrUnitTests.csproj", "{DAECED5F-4C76-4C2D-8FB0-712E6BE7FF7F}"
EndProject
Project("{9A19103F-16F7-4668-BE54-9A1E7A4F7556}") = "GbrWebFrontend", "GbrWebFrontend\GbrWebFrontend.csproj", "{E3E34171-88F6-4594-9272-24B07114CBD8}"
EndProject
Global
	GlobalSection(SolutionConfigurationPlatforms) = preSolution
		Debug|Any CPU = Debug|Any CPU
		Release|Any CPU = Release|Any CPU
	EndGlobalSection
	GlobalSection(ProjectConfigurationPlatforms) = postSolution
		{F8FA8A9E-CC6D-46C0-8F0E-500830F0EA46}.Debug|Any CPU.ActiveCfg = Debug|Any CPU
		{F8FA8A9E-CC6D-46C0-8F0E-500830F0EA46}.Debug|Any CPU.Build.0 = Debug|Any CPU
		{F8FA8A9E-CC6D-46C0-8F0E-500830F0EA46}.Release|Any CPU.ActiveCfg = Release|Any CPU
		{F8FA8A9E-CC6D-46C0-8F0E-500830F0EA46}.Release|Any CPU.Build.0 = Release|Any CPU
		{DAECED5F-4C76-4C2D-8FB0-712E6BE7FF7F}.Debug|Any CPU.ActiveCfg = Debug|Any CPU
		{DAECED5F-4C76-4C2D-8FB0-712E6BE7FF7F}.Debug|Any CPU.Build.0 = Debug|Any CPU
		{DAECED5F-4C76-4C2D-8FB0-712E6BE7FF7F}.Release|Any CPU.ActiveCfg = Release|Any CPU
		{DAECED5F-4C76-4C2D-8FB0-712E6BE7FF7F}.Release|Any CPU.Build.0 = Release|Any CPU
		{E3E34171-88F6-4594-9272-24B07114CBD8}.Debug|Any CPU.ActiveCfg = Debug|Any CPU
		{E3E34171-88F6-4594-9272-24B07114CBD8}.Debug|Any CPU.Build.0 = Debug|Any CPU
		{E3E34171-88F6-4594-9272-24B07114CBD8}.Release|Any CPU.ActiveCfg = Release|Any CPU
		{E3E34171-88F6-4594-9272-24B07114CBD8}.Release|Any CPU.Build.0 = Release|Any CPU
	EndGlobalSection
	GlobalSection(SolutionProperties) = preSolution
		HideSolutionNode = FALSE
	EndGlobalSection
	GlobalSection(ExtensibilityGlobals) = postSolution
		SolutionGuid = {DDA81835-FF54-4861-B561-68FF5DBEE342}
	EndGlobalSection
EndGlobal
